// !$*UTF8*$!
{
	archiveVersion = 1;
	classes = {
	};
	objectVersion = 50;
	objects = {

/* Begin PBXBuildFile section */
		003CE4AC217F1C8500DC22D6 /* AppDelegate.swift in Sources */ = {isa = PBXBuildFile; fileRef = 003CE4AB217F1C8500DC22D6 /* AppDelegate.swift */; };
		003CE4AE217F1C8500DC22D6 /* ViewController.swift in Sources */ = {isa = PBXBuildFile; fileRef = 003CE4AD217F1C8500DC22D6 /* ViewController.swift */; };
		003CE4B3217F1C8800DC22D6 /* Assets.xcassets in Resources */ = {isa = PBXBuildFile; fileRef = 003CE4B2217F1C8800DC22D6 /* Assets.xcassets */; };
		003CE4C1217F1C8800DC22D6 /* TelstraAssessmentTests.swift in Sources */ = {isa = PBXBuildFile; fileRef = 003CE4C0217F1C8800DC22D6 /* TelstraAssessmentTests.swift */; };
		003CE4D6217F25D800DC22D6 /* CollectionViewCell.swift in Sources */ = {isa = PBXBuildFile; fileRef = 003CE4D5217F25D800DC22D6 /* CollectionViewCell.swift */; };
		003CE4D7217F25D800DC22D6 /* CollectionViewCell.swift in Sources */ = {isa = PBXBuildFile; fileRef = 003CE4D5217F25D800DC22D6 /* CollectionViewCell.swift */; };
		003CE4D9217F308900DC22D6 /* ViewExtension.swift in Sources */ = {isa = PBXBuildFile; fileRef = 003CE4D8217F308900DC22D6 /* ViewExtension.swift */; };
		003CE4DA217F308900DC22D6 /* ViewExtension.swift in Sources */ = {isa = PBXBuildFile; fileRef = 003CE4D8217F308900DC22D6 /* ViewExtension.swift */; };
		008F1379218054AE00B11584 /* ViewInteractor.swift in Sources */ = {isa = PBXBuildFile; fileRef = 008F1378218054AE00B11584 /* ViewInteractor.swift */; };
		008F137A218054AE00B11584 /* ViewInteractor.swift in Sources */ = {isa = PBXBuildFile; fileRef = 008F1378218054AE00B11584 /* ViewInteractor.swift */; };
		008F137D218054F400B11584 /* ServiceLayer.swift in Sources */ = {isa = PBXBuildFile; fileRef = 008F137C218054F400B11584 /* ServiceLayer.swift */; };
		008F137E218054F400B11584 /* ServiceLayer.swift in Sources */ = {isa = PBXBuildFile; fileRef = 008F137C218054F400B11584 /* ServiceLayer.swift */; };
		008F13802180551700B11584 /* CoreNetwork.swift in Sources */ = {isa = PBXBuildFile; fileRef = 008F137F2180551700B11584 /* CoreNetwork.swift */; };
		008F13812180551700B11584 /* CoreNetwork.swift in Sources */ = {isa = PBXBuildFile; fileRef = 008F137F2180551700B11584 /* CoreNetwork.swift */; };
		008F13842180567800B11584 /* UIUtilities.swift in Sources */ = {isa = PBXBuildFile; fileRef = 008F13832180567800B11584 /* UIUtilities.swift */; };
		008F13852180567800B11584 /* UIUtilities.swift in Sources */ = {isa = PBXBuildFile; fileRef = 008F13832180567800B11584 /* UIUtilities.swift */; };
		008F13872180578900B11584 /* Constants.swift in Sources */ = {isa = PBXBuildFile; fileRef = 008F13862180578900B11584 /* Constants.swift */; };
		008F13882180578900B11584 /* Constants.swift in Sources */ = {isa = PBXBuildFile; fileRef = 008F13862180578900B11584 /* Constants.swift */; };
		008F138A218064AD00B11584 /* CommonUtilities.swift in Sources */ = {isa = PBXBuildFile; fileRef = 008F1389218064AD00B11584 /* CommonUtilities.swift */; };
		008F138B218064AD00B11584 /* CommonUtilities.swift in Sources */ = {isa = PBXBuildFile; fileRef = 008F1389218064AD00B11584 /* CommonUtilities.swift */; };
		008F138D2180655500B11584 /* ErrorHandler.swift in Sources */ = {isa = PBXBuildFile; fileRef = 008F138C2180655500B11584 /* ErrorHandler.swift */; };
		008F138E2180655500B11584 /* ErrorHandler.swift in Sources */ = {isa = PBXBuildFile; fileRef = 008F138C2180655500B11584 /* ErrorHandler.swift */; };
		008F13912180669200B11584 /* ServiceObject.swift in Sources */ = {isa = PBXBuildFile; fileRef = 008F13902180669200B11584 /* ServiceObject.swift */; };
		008F13922180669200B11584 /* ServiceObject.swift in Sources */ = {isa = PBXBuildFile; fileRef = 008F13902180669200B11584 /* ServiceObject.swift */; };
		008F13942180715200B11584 /* ViewPresenter.swift in Sources */ = {isa = PBXBuildFile; fileRef = 008F13932180715200B11584 /* ViewPresenter.swift */; };
		008F13952180715200B11584 /* ViewPresenter.swift in Sources */ = {isa = PBXBuildFile; fileRef = 008F13932180715200B11584 /* ViewPresenter.swift */; };
		0F1E6E482268D198956B3093 /* Pods_TelstraAssessmentTests.framework in Frameworks */ = {isa = PBXBuildFile; fileRef = E6C62D38C66522914D0E8603 /* Pods_TelstraAssessmentTests.framework */; };
		C8FF1A9B5567158358905DA6 /* Pods_TelstraAssessment.framework in Frameworks */ = {isa = PBXBuildFile; fileRef = 779061C1FC55DB2DC16799B9 /* Pods_TelstraAssessment.framework */; };
/* End PBXBuildFile section */

/* Begin PBXContainerItemProxy section */
		003CE4BD217F1C8800DC22D6 /* PBXContainerItemProxy */ = {
			isa = PBXContainerItemProxy;
			containerPortal = 003CE4A0217F1C8500DC22D6 /* Project object */;
			proxyType = 1;
			remoteGlobalIDString = 003CE4A7217F1C8500DC22D6;
			remoteInfo = TelstraAssessment;
		};
/* End PBXContainerItemProxy section */

/* Begin PBXFileReference section */
		003CE4A8217F1C8500DC22D6 /* TelstraAssessment.app */ = {isa = PBXFileReference; explicitFileType = wrapper.application; includeInIndex = 0; path = TelstraAssessment.app; sourceTree = BUILT_PRODUCTS_DIR; };
		003CE4AB217F1C8500DC22D6 /* AppDelegate.swift */ = {isa = PBXFileReference; lastKnownFileType = sourcecode.swift; path = AppDelegate.swift; sourceTree = "<group>"; };
		003CE4AD217F1C8500DC22D6 /* ViewController.swift */ = {isa = PBXFileReference; lastKnownFileType = sourcecode.swift; path = ViewController.swift; sourceTree = "<group>"; };
		003CE4B2217F1C8800DC22D6 /* Assets.xcassets */ = {isa = PBXFileReference; lastKnownFileType = folder.assetcatalog; path = Assets.xcassets; sourceTree = "<group>"; };
		003CE4B7217F1C8800DC22D6 /* Info.plist */ = {isa = PBXFileReference; lastKnownFileType = text.plist.xml; path = Info.plist; sourceTree = "<group>"; };
		003CE4BC217F1C8800DC22D6 /* TelstraAssessmentTests.xctest */ = {isa = PBXFileReference; explicitFileType = wrapper.cfbundle; includeInIndex = 0; path = TelstraAssessmentTests.xctest; sourceTree = BUILT_PRODUCTS_DIR; };
		003CE4C0217F1C8800DC22D6 /* TelstraAssessmentTests.swift */ = {isa = PBXFileReference; lastKnownFileType = sourcecode.swift; path = TelstraAssessmentTests.swift; sourceTree = "<group>"; };
		003CE4C2217F1C8800DC22D6 /* Info.plist */ = {isa = PBXFileReference; lastKnownFileType = text.plist.xml; path = Info.plist; sourceTree = "<group>"; };
		003CE4D5217F25D800DC22D6 /* CollectionViewCell.swift */ = {isa = PBXFileReference; lastKnownFileType = sourcecode.swift; path = CollectionViewCell.swift; sourceTree = "<group>"; };
		003CE4D8217F308900DC22D6 /* ViewExtension.swift */ = {isa = PBXFileReference; lastKnownFileType = sourcecode.swift; path = ViewExtension.swift; sourceTree = "<group>"; };
		008F1378218054AE00B11584 /* ViewInteractor.swift */ = {isa = PBXFileReference; lastKnownFileType = sourcecode.swift; path = ViewInteractor.swift; sourceTree = "<group>"; };
		008F137C218054F400B11584 /* ServiceLayer.swift */ = {isa = PBXFileReference; lastKnownFileType = sourcecode.swift; path = ServiceLayer.swift; sourceTree = "<group>"; };
		008F137F2180551700B11584 /* CoreNetwork.swift */ = {isa = PBXFileReference; lastKnownFileType = sourcecode.swift; path = CoreNetwork.swift; sourceTree = "<group>"; };
		008F13832180567800B11584 /* UIUtilities.swift */ = {isa = PBXFileReference; lastKnownFileType = sourcecode.swift; path = UIUtilities.swift; sourceTree = "<group>"; };
		008F13862180578900B11584 /* Constants.swift */ = {isa = PBXFileReference; lastKnownFileType = sourcecode.swift; path = Constants.swift; sourceTree = "<group>"; };
		008F1389218064AD00B11584 /* CommonUtilities.swift */ = {isa = PBXFileReference; lastKnownFileType = sourcecode.swift; path = CommonUtilities.swift; sourceTree = "<group>"; };
		008F138C2180655500B11584 /* ErrorHandler.swift */ = {isa = PBXFileReference; lastKnownFileType = sourcecode.swift; path = ErrorHandler.swift; sourceTree = "<group>"; };
		008F13902180669200B11584 /* ServiceObject.swift */ = {isa = PBXFileReference; lastKnownFileType = sourcecode.swift; path = ServiceObject.swift; sourceTree = "<group>"; };
		008F13932180715200B11584 /* ViewPresenter.swift */ = {isa = PBXFileReference; lastKnownFileType = sourcecode.swift; path = ViewPresenter.swift; sourceTree = "<group>"; };
		779061C1FC55DB2DC16799B9 /* Pods_TelstraAssessment.framework */ = {isa = PBXFileReference; explicitFileType = wrapper.framework; includeInIndex = 0; path = Pods_TelstraAssessment.framework; sourceTree = BUILT_PRODUCTS_DIR; };
		7DD462D05AE6B596716A1F9B /* Pods-TelstraAssessmentTests.debug.xcconfig */ = {isa = PBXFileReference; includeInIndex = 1; lastKnownFileType = text.xcconfig; name = "Pods-TelstraAssessmentTests.debug.xcconfig"; path = "Pods/Target Support Files/Pods-TelstraAssessmentTests/Pods-TelstraAssessmentTests.debug.xcconfig"; sourceTree = "<group>"; };
		9676741D189DE361C1F98540 /* Pods-TelstraAssessment.release.xcconfig */ = {isa = PBXFileReference; includeInIndex = 1; lastKnownFileType = text.xcconfig; name = "Pods-TelstraAssessment.release.xcconfig"; path = "Pods/Target Support Files/Pods-TelstraAssessment/Pods-TelstraAssessment.release.xcconfig"; sourceTree = "<group>"; };
		9D5920746AC3853EF7593CF4 /* Pods-TelstraAssessmentTests.release.xcconfig */ = {isa = PBXFileReference; includeInIndex = 1; lastKnownFileType = text.xcconfig; name = "Pods-TelstraAssessmentTests.release.xcconfig"; path = "Pods/Target Support Files/Pods-TelstraAssessmentTests/Pods-TelstraAssessmentTests.release.xcconfig"; sourceTree = "<group>"; };
		E6C62D38C66522914D0E8603 /* Pods_TelstraAssessmentTests.framework */ = {isa = PBXFileReference; explicitFileType = wrapper.framework; includeInIndex = 0; path = Pods_TelstraAssessmentTests.framework; sourceTree = BUILT_PRODUCTS_DIR; };
		EF5E9354BFE7F76DB52C0DEA /* Pods-TelstraAssessment.debug.xcconfig */ = {isa = PBXFileReference; includeInIndex = 1; lastKnownFileType = text.xcconfig; name = "Pods-TelstraAssessment.debug.xcconfig"; path = "Pods/Target Support Files/Pods-TelstraAssessment/Pods-TelstraAssessment.debug.xcconfig"; sourceTree = "<group>"; };
/* End PBXFileReference section */

/* Begin PBXFrameworksBuildPhase section */
		003CE4A5217F1C8500DC22D6 /* Frameworks */ = {
			isa = PBXFrameworksBuildPhase;
			buildActionMask = 2147483647;
			files = (
				C8FF1A9B5567158358905DA6 /* Pods_TelstraAssessment.framework in Frameworks */,
			);
			runOnlyForDeploymentPostprocessing = 0;
		};
		003CE4B9217F1C8800DC22D6 /* Frameworks */ = {
			isa = PBXFrameworksBuildPhase;
			buildActionMask = 2147483647;
			files = (
				0F1E6E482268D198956B3093 /* Pods_TelstraAssessmentTests.framework in Frameworks */,
			);
			runOnlyForDeploymentPostprocessing = 0;
		};
/* End PBXFrameworksBuildPhase section */

/* Begin PBXGroup section */
		003CE49F217F1C8500DC22D6 = {
			isa = PBXGroup;
			children = (
				003CE4AA217F1C8500DC22D6 /* TelstraAssessment */,
				003CE4BF217F1C8800DC22D6 /* TelstraAssessmentTests */,
				003CE4A9217F1C8500DC22D6 /* Products */,
				E664A5A8CAC5EF354353F452 /* Pods */,
				4899360BDDEF1A65F903A3C4 /* Frameworks */,
			);
			sourceTree = "<group>";
		};
		003CE4A9217F1C8500DC22D6 /* Products */ = {
			isa = PBXGroup;
			children = (
				003CE4A8217F1C8500DC22D6 /* TelstraAssessment.app */,
				003CE4BC217F1C8800DC22D6 /* TelstraAssessmentTests.xctest */,
			);
			name = Products;
			sourceTree = "<group>";
		};
		003CE4AA217F1C8500DC22D6 /* TelstraAssessment */ = {
			isa = PBXGroup;
			children = (
				008F13972180757C00B11584 /* UI */,
				008F138F2180667C00B11584 /* Model */,
				008F13822180566C00B11584 /* Utilities */,
				008F137B218054D900B11584 /* Network */,
				008F13772180547000B11584 /* Viper */,
				003CE4AB217F1C8500DC22D6 /* AppDelegate.swift */,
				003CE4AD217F1C8500DC22D6 /* ViewController.swift */,
				003CE4B2217F1C8800DC22D6 /* Assets.xcassets */,
				003CE4B7217F1C8800DC22D6 /* Info.plist */,
			);
			path = TelstraAssessment;
			sourceTree = "<group>";
		};
		003CE4BF217F1C8800DC22D6 /* TelstraAssessmentTests */ = {
			isa = PBXGroup;
			children = (
				003CE4C0217F1C8800DC22D6 /* TelstraAssessmentTests.swift */,
				003CE4C2217F1C8800DC22D6 /* Info.plist */,
			);
			path = TelstraAssessmentTests;
			sourceTree = "<group>";
		};
		008F13772180547000B11584 /* Viper */ = {
			isa = PBXGroup;
			children = (
				008F1378218054AE00B11584 /* ViewInteractor.swift */,
				008F13932180715200B11584 /* ViewPresenter.swift */,
			);
			path = Viper;
			sourceTree = "<group>";
		};
		008F137B218054D900B11584 /* Network */ = {
			isa = PBXGroup;
			children = (
				008F137C218054F400B11584 /* ServiceLayer.swift */,
				008F137F2180551700B11584 /* CoreNetwork.swift */,
			);
			path = Network;
			sourceTree = "<group>";
		};
		008F13822180566C00B11584 /* Utilities */ = {
			isa = PBXGroup;
			children = (
				008F13832180567800B11584 /* UIUtilities.swift */,
				008F13862180578900B11584 /* Constants.swift */,
				008F1389218064AD00B11584 /* CommonUtilities.swift */,
				008F138C2180655500B11584 /* ErrorHandler.swift */,
			);
			path = Utilities;
			sourceTree = "<group>";
		};
		008F138F2180667C00B11584 /* Model */ = {
			isa = PBXGroup;
			children = (
				008F13902180669200B11584 /* ServiceObject.swift */,
			);
			path = Model;
			sourceTree = "<group>";
		};
		008F13972180757C00B11584 /* UI */ = {
			isa = PBXGroup;
			children = (
				003CE4D8217F308900DC22D6 /* ViewExtension.swift */,
				003CE4D5217F25D800DC22D6 /* CollectionViewCell.swift */,
			);
			path = UI;
			sourceTree = "<group>";
		};
		4899360BDDEF1A65F903A3C4 /* Frameworks */ = {
			isa = PBXGroup;
			children = (
				779061C1FC55DB2DC16799B9 /* Pods_TelstraAssessment.framework */,
				E6C62D38C66522914D0E8603 /* Pods_TelstraAssessmentTests.framework */,
			);
			name = Frameworks;
			sourceTree = "<group>";
		};
		E664A5A8CAC5EF354353F452 /* Pods */ = {
			isa = PBXGroup;
			children = (
				EF5E9354BFE7F76DB52C0DEA /* Pods-TelstraAssessment.debug.xcconfig */,
				9676741D189DE361C1F98540 /* Pods-TelstraAssessment.release.xcconfig */,
				7DD462D05AE6B596716A1F9B /* Pods-TelstraAssessmentTests.debug.xcconfig */,
				9D5920746AC3853EF7593CF4 /* Pods-TelstraAssessmentTests.release.xcconfig */,
			);
			name = Pods;
			sourceTree = "<group>";
		};
/* End PBXGroup section */

/* Begin PBXNativeTarget section */
		003CE4A7217F1C8500DC22D6 /* TelstraAssessment */ = {
			isa = PBXNativeTarget;
			buildConfigurationList = 003CE4C5217F1C8800DC22D6 /* Build configuration list for PBXNativeTarget "TelstraAssessment" */;
			buildPhases = (
				6DE990198AF3D56C8C1989AC /* [CP] Check Pods Manifest.lock */,
				003CE4A4217F1C8500DC22D6 /* Sources */,
				003CE4A5217F1C8500DC22D6 /* Frameworks */,
				003CE4A6217F1C8500DC22D6 /* Resources */,
				DC372777B506F9E7B9AF1BE6 /* [CP] Embed Pods Frameworks */,
			);
			buildRules = (
			);
			dependencies = (
			);
			name = TelstraAssessment;
			productName = TelstraAssessment;
			productReference = 003CE4A8217F1C8500DC22D6 /* TelstraAssessment.app */;
			productType = "com.apple.product-type.application";
		};
		003CE4BB217F1C8800DC22D6 /* TelstraAssessmentTests */ = {
			isa = PBXNativeTarget;
			buildConfigurationList = 003CE4C8217F1C8800DC22D6 /* Build configuration list for PBXNativeTarget "TelstraAssessmentTests" */;
			buildPhases = (
				C05F3CB1650A482994EB9C69 /* [CP] Check Pods Manifest.lock */,
				003CE4B8217F1C8800DC22D6 /* Sources */,
				003CE4B9217F1C8800DC22D6 /* Frameworks */,
				003CE4BA217F1C8800DC22D6 /* Resources */,
			);
			buildRules = (
			);
			dependencies = (
				003CE4BE217F1C8800DC22D6 /* PBXTargetDependency */,
			);
			name = TelstraAssessmentTests;
			productName = TelstraAssessmentTests;
			productReference = 003CE4BC217F1C8800DC22D6 /* TelstraAssessmentTests.xctest */;
			productType = "com.apple.product-type.bundle.unit-test";
		};
/* End PBXNativeTarget section */

/* Begin PBXProject section */
		003CE4A0217F1C8500DC22D6 /* Project object */ = {
			isa = PBXProject;
			attributes = {
				LastSwiftUpdateCheck = 0940;
				LastUpgradeCheck = 0940;
				ORGANIZATIONNAME = Wipro;
				TargetAttributes = {
					003CE4A7217F1C8500DC22D6 = {
						CreatedOnToolsVersion = 9.4;
					};
					003CE4BB217F1C8800DC22D6 = {
						CreatedOnToolsVersion = 9.4;
						TestTargetID = 003CE4A7217F1C8500DC22D6;
					};
				};
			};
			buildConfigurationList = 003CE4A3217F1C8500DC22D6 /* Build configuration list for PBXProject "TelstraAssessment" */;
			compatibilityVersion = "Xcode 9.3";
			developmentRegion = en;
			hasScannedForEncodings = 0;
			knownRegions = (
				en,
				Base,
			);
			mainGroup = 003CE49F217F1C8500DC22D6;
			productRefGroup = 003CE4A9217F1C8500DC22D6 /* Products */;
			projectDirPath = "";
			projectRoot = "";
			targets = (
				003CE4A7217F1C8500DC22D6 /* TelstraAssessment */,
				003CE4BB217F1C8800DC22D6 /* TelstraAssessmentTests */,
			);
		};
/* End PBXProject section */

/* Begin PBXResourcesBuildPhase section */
		003CE4A6217F1C8500DC22D6 /* Resources */ = {
			isa = PBXResourcesBuildPhase;
			buildActionMask = 2147483647;
			files = (
				003CE4B3217F1C8800DC22D6 /* Assets.xcassets in Resources */,
			);
			runOnlyForDeploymentPostprocessing = 0;
		};
		003CE4BA217F1C8800DC22D6 /* Resources */ = {
			isa = PBXResourcesBuildPhase;
			buildActionMask = 2147483647;
			files = (
			);
			runOnlyForDeploymentPostprocessing = 0;
		};
/* End PBXResourcesBuildPhase section */

/* Begin PBXShellScriptBuildPhase section */
		6DE990198AF3D56C8C1989AC /* [CP] Check Pods Manifest.lock */ = {
			isa = PBXShellScriptBuildPhase;
			buildActionMask = 2147483647;
			files = (
			);
			inputPaths = (
				"${PODS_PODFILE_DIR_PATH}/Podfile.lock",
				"${PODS_ROOT}/Manifest.lock",
			);
			name = "[CP] Check Pods Manifest.lock";
			outputPaths = (
				"$(DERIVED_FILE_DIR)/Pods-TelstraAssessment-checkManifestLockResult.txt",
			);
			runOnlyForDeploymentPostprocessing = 0;
			shellPath = /bin/sh;
			shellScript = "diff \"${PODS_PODFILE_DIR_PATH}/Podfile.lock\" \"${PODS_ROOT}/Manifest.lock\" > /dev/null\nif [ $? != 0 ] ; then\n    # print error to STDERR\n    echo \"error: The sandbox is not in sync with the Podfile.lock. Run 'pod install' or update your CocoaPods installation.\" >&2\n    exit 1\nfi\n# This output is used by Xcode 'outputs' to avoid re-running this script phase.\necho \"SUCCESS\" > \"${SCRIPT_OUTPUT_FILE_0}\"\n";
			showEnvVarsInLog = 0;
		};
		C05F3CB1650A482994EB9C69 /* [CP] Check Pods Manifest.lock */ = {
			isa = PBXShellScriptBuildPhase;
			buildActionMask = 2147483647;
			files = (
			);
			inputPaths = (
				"${PODS_PODFILE_DIR_PATH}/Podfile.lock",
				"${PODS_ROOT}/Manifest.lock",
			);
			name = "[CP] Check Pods Manifest.lock";
			outputPaths = (
				"$(DERIVED_FILE_DIR)/Pods-TelstraAssessmentTests-checkManifestLockResult.txt",
			);
			runOnlyForDeploymentPostprocessing = 0;
			shellPath = /bin/sh;
			shellScript = "diff \"${PODS_PODFILE_DIR_PATH}/Podfile.lock\" \"${PODS_ROOT}/Manifest.lock\" > /dev/null\nif [ $? != 0 ] ; then\n    # print error to STDERR\n    echo \"error: The sandbox is not in sync with the Podfile.lock. Run 'pod install' or update your CocoaPods installation.\" >&2\n    exit 1\nfi\n# This output is used by Xcode 'outputs' to avoid re-running this script phase.\necho \"SUCCESS\" > \"${SCRIPT_OUTPUT_FILE_0}\"\n";
			showEnvVarsInLog = 0;
		};
		DC372777B506F9E7B9AF1BE6 /* [CP] Embed Pods Frameworks */ = {
			isa = PBXShellScriptBuildPhase;
			buildActionMask = 2147483647;
			files = (
			);
			inputPaths = (
				"${SRCROOT}/Pods/Target Support Files/Pods-TelstraAssessment/Pods-TelstraAssessment-frameworks.sh",
				"${BUILT_PRODUCTS_DIR}/Alamofire/Alamofire.framework",
				"${BUILT_PRODUCTS_DIR}/Kingfisher/Kingfisher.framework",
				"${BUILT_PRODUCTS_DIR}/MBProgressHUD/MBProgressHUD.framework",
			);
			name = "[CP] Embed Pods Frameworks";
			outputPaths = (
				"${TARGET_BUILD_DIR}/${FRAMEWORKS_FOLDER_PATH}/Alamofire.framework",
				"${TARGET_BUILD_DIR}/${FRAMEWORKS_FOLDER_PATH}/Kingfisher.framework",
				"${TARGET_BUILD_DIR}/${FRAMEWORKS_FOLDER_PATH}/MBProgressHUD.framework",
			);
			runOnlyForDeploymentPostprocessing = 0;
			shellPath = /bin/sh;
			shellScript = "\"${SRCROOT}/Pods/Target Support Files/Pods-TelstraAssessment/Pods-TelstraAssessment-frameworks.sh\"\n";
			showEnvVarsInLog = 0;
		};
/* End PBXShellScriptBuildPhase section */

/* Begin PBXSourcesBuildPhase section */
		003CE4A4217F1C8500DC22D6 /* Sources */ = {
			isa = PBXSourcesBuildPhase;
			buildActionMask = 2147483647;
			files = (
				008F13802180551700B11584 /* CoreNetwork.swift in Sources */,
				008F1379218054AE00B11584 /* ViewInteractor.swift in Sources */,
				008F137D218054F400B11584 /* ServiceLayer.swift in Sources */,
				003CE4AE217F1C8500DC22D6 /* ViewController.swift in Sources */,
				008F138D2180655500B11584 /* ErrorHandler.swift in Sources */,
				003CE4AC217F1C8500DC22D6 /* AppDelegate.swift in Sources */,
				008F13942180715200B11584 /* ViewPresenter.swift in Sources */,
				003CE4D9217F308900DC22D6 /* ViewExtension.swift in Sources */,
				008F13842180567800B11584 /* UIUtilities.swift in Sources */,
				003CE4D6217F25D800DC22D6 /* CollectionViewCell.swift in Sources */,
				008F13872180578900B11584 /* Constants.swift in Sources */,
				008F13912180669200B11584 /* ServiceObject.swift in Sources */,
				008F138A218064AD00B11584 /* CommonUtilities.swift in Sources */,
			);
			runOnlyForDeploymentPostprocessing = 0;
		};
		003CE4B8217F1C8800DC22D6 /* Sources */ = {
			isa = PBXSourcesBuildPhase;
			buildActionMask = 2147483647;
			files = (
				008F138B218064AD00B11584 /* CommonUtilities.swift in Sources */,
				008F137E218054F400B11584 /* ServiceLayer.swift in Sources */,
				003CE4DA217F308900DC22D6 /* ViewExtension.swift in Sources */,
				008F137A218054AE00B11584 /* ViewInteractor.swift in Sources */,
				008F13812180551700B11584 /* CoreNetwork.swift in Sources */,
				003CE4D7217F25D800DC22D6 /* CollectionViewCell.swift in Sources */,
				008F13852180567800B11584 /* UIUtilities.swift in Sources */,
				008F138E2180655500B11584 /* ErrorHandler.swift in Sources */,
				003CE4C1217F1C8800DC22D6 /* TelstraAssessmentTests.swift in Sources */,
				008F13952180715200B11584 /* ViewPresenter.swift in Sources */,
				008F13922180669200B11584 /* ServiceObject.swift in Sources */,
				008F13882180578900B11584 /* Constants.swift in Sources */,
			);
			runOnlyForDeploymentPostprocessing = 0;
		};
/* End PBXSourcesBuildPhase section */

/* Begin PBXTargetDependency section */
		003CE4BE217F1C8800DC22D6 /* PBXTargetDependency */ = {
			isa = PBXTargetDependency;
			target = 003CE4A7217F1C8500DC22D6 /* TelstraAssessment */;
			targetProxy = 003CE4BD217F1C8800DC22D6 /* PBXContainerItemProxy */;
		};
/* End PBXTargetDependency section */

/* Begin XCBuildConfiguration section */
		003CE4C3217F1C8800DC22D6 /* Debug */ = {
			isa = XCBuildConfiguration;
			buildSettings = {
				ALWAYS_SEARCH_USER_PATHS = NO;
				CLANG_ANALYZER_NONNULL = YES;
				CLANG_ANALYZER_NUMBER_OBJECT_CONVERSION = YES_AGGRESSIVE;
				CLANG_CXX_LANGUAGE_STANDARD = "gnu++14";
				CLANG_CXX_LIBRARY = "libc++";
				CLANG_ENABLE_MODULES = YES;
				CLANG_ENABLE_OBJC_ARC = YES;
				CLANG_ENABLE_OBJC_WEAK = YES;
				CLANG_WARN_BLOCK_CAPTURE_AUTORELEASING = YES;
				CLANG_WARN_BOOL_CONVERSION = YES;
				CLANG_WARN_COMMA = YES;
				CLANG_WARN_CONSTANT_CONVERSION = YES;
				CLANG_WARN_DEPRECATED_OBJC_IMPLEMENTATIONS = YES;
				CLANG_WARN_DIRECT_OBJC_ISA_USAGE = YES_ERROR;
				CLANG_WARN_DOCUMENTATION_COMMENTS = YES;
				CLANG_WARN_EMPTY_BODY = YES;
				CLANG_WARN_ENUM_CONVERSION = YES;
				CLANG_WARN_INFINITE_RECURSION = YES;
				CLANG_WARN_INT_CONVERSION = YES;
				CLANG_WARN_NON_LITERAL_NULL_CONVERSION = YES;
				CLANG_WARN_OBJC_IMPLICIT_RETAIN_SELF = YES;
				CLANG_WARN_OBJC_LITERAL_CONVERSION = YES;
				CLANG_WARN_OBJC_ROOT_CLASS = YES_ERROR;
				CLANG_WARN_RANGE_LOOP_ANALYSIS = YES;
				CLANG_WARN_STRICT_PROTOTYPES = YES;
				CLANG_WARN_SUSPICIOUS_MOVE = YES;
				CLANG_WARN_UNGUARDED_AVAILABILITY = YES_AGGRESSIVE;
				CLANG_WARN_UNREACHABLE_CODE = YES;
				CLANG_WARN__DUPLICATE_METHOD_MATCH = YES;
				CODE_SIGN_IDENTITY = "iPhone Developer";
				COPY_PHASE_STRIP = NO;
				DEBUG_INFORMATION_FORMAT = dwarf;
				ENABLE_STRICT_OBJC_MSGSEND = YES;
				ENABLE_TESTABILITY = YES;
				GCC_C_LANGUAGE_STANDARD = gnu11;
				GCC_DYNAMIC_NO_PIC = NO;
				GCC_NO_COMMON_BLOCKS = YES;
				GCC_OPTIMIZATION_LEVEL = 0;
				GCC_PREPROCESSOR_DEFINITIONS = (
					"DEBUG=1",
					"$(inherited)",
				);
				GCC_WARN_64_TO_32_BIT_CONVERSION = YES;
				GCC_WARN_ABOUT_RETURN_TYPE = YES_ERROR;
				GCC_WARN_UNDECLARED_SELECTOR = YES;
				GCC_WARN_UNINITIALIZED_AUTOS = YES_AGGRESSIVE;
				GCC_WARN_UNUSED_FUNCTION = YES;
				GCC_WARN_UNUSED_VARIABLE = YES;
				IPHONEOS_DEPLOYMENT_TARGET = 11.4;
				MTL_ENABLE_DEBUG_INFO = YES;
				ONLY_ACTIVE_ARCH = YES;
				SDKROOT = iphoneos;
				SWIFT_ACTIVE_COMPILATION_CONDITIONS = DEBUG;
				SWIFT_OPTIMIZATION_LEVEL = "-Onone";
			};
			name = Debug;
		};
		003CE4C4217F1C8800DC22D6 /* Release */ = {
			isa = XCBuildConfiguration;
			buildSettings = {
				ALWAYS_SEARCH_USER_PATHS = NO;
				CLANG_ANALYZER_NONNULL = YES;
				CLANG_ANALYZER_NUMBER_OBJECT_CONVERSION = YES_AGGRESSIVE;
				CLANG_CXX_LANGUAGE_STANDARD = "gnu++14";
				CLANG_CXX_LIBRARY = "libc++";
				CLANG_ENABLE_MODULES = YES;
				CLANG_ENABLE_OBJC_ARC = YES;
				CLANG_ENABLE_OBJC_WEAK = YES;
				CLANG_WARN_BLOCK_CAPTURE_AUTORELEASING = YES;
				CLANG_WARN_BOOL_CONVERSION = YES;
				CLANG_WARN_COMMA = YES;
				CLANG_WARN_CONSTANT_CONVERSION = YES;
				CLANG_WARN_DEPRECATED_OBJC_IMPLEMENTATIONS = YES;
				CLANG_WARN_DIRECT_OBJC_ISA_USAGE = YES_ERROR;
				CLANG_WARN_DOCUMENTATION_COMMENTS = YES;
				CLANG_WARN_EMPTY_BODY = YES;
				CLANG_WARN_ENUM_CONVERSION = YES;
				CLANG_WARN_INFINITE_RECURSION = YES;
				CLANG_WARN_INT_CONVERSION = YES;
				CLANG_WARN_NON_LITERAL_NULL_CONVERSION = YES;
				CLANG_WARN_OBJC_IMPLICIT_RETAIN_SELF = YES;
				CLANG_WARN_OBJC_LITERAL_CONVERSION = YES;
				CLANG_WARN_OBJC_ROOT_CLASS = YES_ERROR;
				CLANG_WARN_RANGE_LOOP_ANALYSIS = YES;
				CLANG_WARN_STRICT_PROTOTYPES = YES;
				CLANG_WARN_SUSPICIOUS_MOVE = YES;
				CLANG_WARN_UNGUARDED_AVAILABILITY = YES_AGGRESSIVE;
				CLANG_WARN_UNREACHABLE_CODE = YES;
				CLANG_WARN__DUPLICATE_METHOD_MATCH = YES;
				CODE_SIGN_IDENTITY = "iPhone Developer";
				COPY_PHASE_STRIP = NO;
				DEBUG_INFORMATION_FORMAT = "dwarf-with-dsym";
				ENABLE_NS_ASSERTIONS = NO;
				ENABLE_STRICT_OBJC_MSGSEND = YES;
				GCC_C_LANGUAGE_STANDARD = gnu11;
				GCC_NO_COMMON_BLOCKS = YES;
				GCC_WARN_64_TO_32_BIT_CONVERSION = YES;
				GCC_WARN_ABOUT_RETURN_TYPE = YES_ERROR;
				GCC_WARN_UNDECLARED_SELECTOR = YES;
				GCC_WARN_UNINITIALIZED_AUTOS = YES_AGGRESSIVE;
				GCC_WARN_UNUSED_FUNCTION = YES;
				GCC_WARN_UNUSED_VARIABLE = YES;
				IPHONEOS_DEPLOYMENT_TARGET = 11.4;
				MTL_ENABLE_DEBUG_INFO = NO;
				SDKROOT = iphoneos;
				SWIFT_COMPILATION_MODE = wholemodule;
				SWIFT_OPTIMIZATION_LEVEL = "-O";
				VALIDATE_PRODUCT = YES;
			};
			name = Release;
		};
		003CE4C6217F1C8800DC22D6 /* Debug */ = {
			isa = XCBuildConfiguration;
			baseConfigurationReference = EF5E9354BFE7F76DB52C0DEA /* Pods-TelstraAssessment.debug.xcconfig */;
			buildSettings = {
				ASSETCATALOG_COMPILER_APPICON_NAME = AppIcon;
				CODE_SIGN_STYLE = Automatic;
				INFOPLIST_FILE = TelstraAssessment/Info.plist;
				LD_RUNPATH_SEARCH_PATHS = (
					"$(inherited)",
					"@executable_path/Frameworks",
				);
				PRODUCT_BUNDLE_IDENTIFIER = Wipro.TelstraAssessment;
				PRODUCT_NAME = "$(TARGET_NAME)";
				SWIFT_VERSION = 4.0;
				TARGETED_DEVICE_FAMILY = "1,2";
			};
			name = Debug;
		};
		003CE4C7217F1C8800DC22D6 /* Release */ = {
			isa = XCBuildConfiguration;
			baseConfigurationReference = 9676741D189DE361C1F98540 /* Pods-TelstraAssessment.release.xcconfig */;
			buildSettings = {
				ASSETCATALOG_COMPILER_APPICON_NAME = AppIcon;
				CODE_SIGN_STYLE = Automatic;
				INFOPLIST_FILE = TelstraAssessment/Info.plist;
				LD_RUNPATH_SEARCH_PATHS = (
					"$(inherited)",
					"@executable_path/Frameworks",
				);
				PRODUCT_BUNDLE_IDENTIFIER = Wipro.TelstraAssessment;
				PRODUCT_NAME = "$(TARGET_NAME)";
				SWIFT_VERSION = 4.0;
				TARGETED_DEVICE_FAMILY = "1,2";
			};
			name = Release;
		};
		003CE4C9217F1C8800DC22D6 /* Debug */ = {
			isa = XCBuildConfiguration;
			baseConfigurationReference = 7DD462D05AE6B596716A1F9B /* Pods-TelstraAssessmentTests.debug.xcconfig */;
			buildSettings = {
				ALWAYS_EMBED_SWIFT_STANDARD_LIBRARIES = YES;
				BUNDLE_LOADER = "$(TEST_HOST)";
				CODE_SIGN_STYLE = Automatic;
				INFOPLIST_FILE = TelstraAssessmentTests/Info.plist;
				LD_RUNPATH_SEARCH_PATHS = (
					"$(inherited)",
					"@executable_path/Frameworks",
					"@loader_path/Frameworks",
				);
				PRODUCT_BUNDLE_IDENTIFIER = Wipro.TelstraAssessmentTests;
				PRODUCT_NAME = "$(TARGET_NAME)";
				SWIFT_VERSION = 4.0;
				TARGETED_DEVICE_FAMILY = "1,2";
				TEST_HOST = "$(BUILT_PRODUCTS_DIR)/TelstraAssessment.app/TelstraAssessment";
			};
			name = Debug;
		};
		003CE4CA217F1C8800DC22D6 /* Release */ = {
			isa = XCBuildConfiguration;
			baseConfigurationReference = 9D5920746AC3853EF7593CF4 /* Pods-TelstraAssessmentTests.release.xcconfig */;
			buildSettings = {
				ALWAYS_EMBED_SWIFT_STANDARD_LIBRARIES = YES;
				BUNDLE_LOADER = "$(TEST_HOST)";
				CODE_SIGN_STYLE = Automatic;
				INFOPLIST_FILE = TelstraAssessmentTests/Info.plist;
				LD_RUNPATH_SEARCH_PATHS = (
					"$(inherited)",
					"@executable_path/Frameworks",
					"@loader_path/Frameworks",
				);
				PRODUCT_BUNDLE_IDENTIFIER = Wipro.TelstraAssessmentTests;
				PRODUCT_NAME = "$(TARGET_NAME)";
				SWIFT_VERSION = 4.0;
				TARGETED_DEVICE_FAMILY = "1,2";
				TEST_HOST = "$(BUILT_PRODUCTS_DIR)/TelstraAssessment.app/TelstraAssessment";
			};
			name = Release;
		};
/* End XCBuildConfiguration section */

/* Begin XCConfigurationList section */
		003CE4A3217F1C8500DC22D6 /* Build configuration list for PBXProject "TelstraAssessment" */ = {
			isa = XCConfigurationList;
			buildConfigurations = (
				003CE4C3217F1C8800DC22D6 /* Debug */,
				003CE4C4217F1C8800DC22D6 /* Release */,
			);
			defaultConfigurationIsVisible = 0;
			defaultConfigurationName = Release;
		};
		003CE4C5217F1C8800DC22D6 /* Build configuration list for PBXNativeTarget "TelstraAssessment" */ = {
			isa = XCConfigurationList;
			buildConfigurations = (
				003CE4C6217F1C8800DC22D6 /* Debug */,
				003CE4C7217F1C8800DC22D6 /* Release */,
			);
			defaultConfigurationIsVisible = 0;
			defaultConfigurationName = Release;
		};
		003CE4C8217F1C8800DC22D6 /* Build configuration list for PBXNativeTarget "TelstraAssessmentTests" */ = {
			isa = XCConfigurationList;
			buildConfigurations = (
				003CE4C9217F1C8800DC22D6 /* Debug */,
				003CE4CA217F1C8800DC22D6 /* Release */,
			);
			defaultConfigurationIsVisible = 0;
			defaultConfigurationName = Release;
		};
/* End XCConfigurationList section */
	};
	rootObject = 003CE4A0217F1C8500DC22D6 /* Project object */;
}
